{
  "version": 4,
  "terraform_version": "0.12.8",
  "serial": 27,
  "lineage": "d61190ae-9044-faf9-5291-d4a87ff11b0f",
  "outputs": {},
  "resources": [
    {
      "mode": "managed",
      "type": "store_movies",
      "name": "saw",
      "provider": "provider.store",
      "instances": [
        {
          "schema_version": 0,
          "attributes": {
            "daily_rate": 12.1,
            "genre": [
              {
                "_id": "5ee19f2a1363f7c0493761e9",
                "name": "hhhhh"
              }
            ],
            "id": "5ef199b9edf86a20de80b4a2",
            "stock": 10,
            "title": "sawIII"
          },
          "private": "bnVsbA=="
        }
      ]
    }
  ]
}
